
Microsoft Visual Studio Solution File, Format Version 12.00
# Visual Studio Version 17
VisualStudioVersion = 17.14.36221.1
MinimumVisualStudioVersion = 10.0.40219.1
Project("{FAE04EC0-301F-11D3-BF4B-00C04F79EFBC}") = "UnitTest", "UnitTest\UnitTest.csproj", "{D3C02F08-3152-44E9-8E1C-5F715D060660}"
EndProject
Project("{FAE04EC0-301F-11D3-BF4B-00C04F79EFBC}") = "LogicLayer", "LogicLayer\LogicLayer.csproj", "{414A54FF-F18F-48A5-8400-59F1CF9CD5DB}"
EndProject
Project("{FAE04EC0-301F-11D3-BF4B-00C04F79EFBC}") = "HMI", "HMI\HMI.csproj", "{DDE95E7A-1522-414F-B44A-2B871C1CCCA0}"
EndProject
Project("{FAE04EC0-301F-11D3-BF4B-00C04F79EFBC}") = "JsonStorage", "StorageLayer\JsonStorage.csproj", "{BADBB74C-D286-4F7E-B157-B2291BBCB7A6}"
EndProject
Project("{FAE04EC0-301F-11D3-BF4B-00C04F79EFBC}") = "StorageLayerTest", "StorageLayerTest\StorageLayerTest.csproj", "{CDB60151-5517-4948-8E45-64B5EB8A7CE1}"
EndProject
Global
	GlobalSection(SolutionConfigurationPlatforms) = preSolution
		Debug|Any CPU = Debug|Any CPU
		Release|Any CPU = Release|Any CPU
	EndGlobalSection
	GlobalSection(ProjectConfigurationPlatforms) = postSolution
		{D3C02F08-3152-44E9-8E1C-5F715D060660}.Debug|Any CPU.ActiveCfg = Debug|Any CPU
		{D3C02F08-3152-44E9-8E1C-5F715D060660}.Debug|Any CPU.Build.0 = Debug|Any CPU
		{D3C02F08-3152-44E9-8E1C-5F715D060660}.Release|Any CPU.ActiveCfg = Release|Any CPU
		{D3C02F08-3152-44E9-8E1C-5F715D060660}.Release|Any CPU.Build.0 = Release|Any CPU
		{414A54FF-F18F-48A5-8400-59F1CF9CD5DB}.Debug|Any CPU.ActiveCfg = Debug|Any CPU
		{414A54FF-F18F-48A5-8400-59F1CF9CD5DB}.Debug|Any CPU.Build.0 = Debug|Any CPU
		{414A54FF-F18F-48A5-8400-59F1CF9CD5DB}.Release|Any CPU.ActiveCfg = Release|Any CPU
		{414A54FF-F18F-48A5-8400-59F1CF9CD5DB}.Release|Any CPU.Build.0 = Release|Any CPU
		{DDE95E7A-1522-414F-B44A-2B871C1CCCA0}.Debug|Any CPU.ActiveCfg = Debug|Any CPU
		{DDE95E7A-1522-414F-B44A-2B871C1CCCA0}.Debug|Any CPU.Build.0 = Debug|Any CPU
		{DDE95E7A-1522-414F-B44A-2B871C1CCCA0}.Release|Any CPU.ActiveCfg = Release|Any CPU
		{DDE95E7A-1522-414F-B44A-2B871C1CCCA0}.Release|Any CPU.Build.0 = Release|Any CPU
		{BADBB74C-D286-4F7E-B157-B2291BBCB7A6}.Debug|Any CPU.ActiveCfg = Debug|Any CPU
		{BADBB74C-D286-4F7E-B157-B2291BBCB7A6}.Debug|Any CPU.Build.0 = Debug|Any CPU
		{BADBB74C-D286-4F7E-B157-B2291BBCB7A6}.Release|Any CPU.ActiveCfg = Release|Any CPU
		{BADBB74C-D286-4F7E-B157-B2291BBCB7A6}.Release|Any CPU.Build.0 = Release|Any CPU
		{CDB60151-5517-4948-8E45-64B5EB8A7CE1}.Debug|Any CPU.ActiveCfg = Debug|Any CPU
		{CDB60151-5517-4948-8E45-64B5EB8A7CE1}.Debug|Any CPU.Build.0 = Debug|Any CPU
		{CDB60151-5517-4948-8E45-64B5EB8A7CE1}.Release|Any CPU.ActiveCfg = Release|Any CPU
		{CDB60151-5517-4948-8E45-64B5EB8A7CE1}.Release|Any CPU.Build.0 = Release|Any CPU
	EndGlobalSection
	GlobalSection(SolutionProperties) = preSolution
		HideSolutionNode = FALSE
	EndGlobalSection
	GlobalSection(ExtensibilityGlobals) = postSolution
		SolutionGuid = {EABD1809-42AD-4A34-A53F-FE432C6297AD}
	EndGlobalSection
EndGlobal
